
Microsoft Visual Studio Solution File, Format Version 12.00
# Visual Studio 15
VisualStudioVersion = 15.0.27703.2018
MinimumVisualStudioVersion = 10.0.40219.1
Project("{FAE04EC0-301F-11D3-BF4B-00C04F79EFBC}") = "BundleFace", "BundleFace\BundleFace.csproj", "{6599EC6E-4115-4915-86A7-088072185AFA}"
EndProject
Global
	GlobalSection(SolutionConfigurationPlatforms) = preSolution
		Debug|Any CPU = Debug|Any CPU
		Release|Any CPU = Release|Any CPU
	EndGlobalSection
	GlobalSection(ProjectConfigurationPlatforms) = postSolution
		{6599EC6E-4115-4915-86A7-088072185AFA}.Debug|Any CPU.ActiveCfg = Debug|Any CPU
		{6599EC6E-4115-4915-86A7-088072185AFA}.Debug|Any CPU.Build.0 = Debug|Any CPU
		{6599EC6E-4115-4915-86A7-088072185AFA}.Release|Any CPU.ActiveCfg = Release|Any CPU
		{6599EC6E-4115-4915-86A7-088072185AFA}.Release|Any CPU.Build.0 = Release|Any CPU
	EndGlobalSection
	GlobalSection(SolutionProperties) = preSolution
		HideSolutionNode = FALSE
	EndGlobalSection
	GlobalSection(ExtensibilityGlobals) = postSolution
		SolutionGuid = {BF067F43-3440-42BC-95B7-36416BCE3331}
	EndGlobalSection
EndGlobal
